
Microsoft Visual Studio Solution File, Format Version 12.00
# Visual Studio Version 17
VisualStudioVersion = 17.1.32228.430
MinimumVisualStudioVersion = 10.0.40219.1
Project("{2150E333-8FDC-42A3-9474-1A3956D46DE8}") = "src", "src", "{C5053EB2-856C-4A62-93EC-E059DBF062C4}"
EndProject
Project("{2150E333-8FDC-42A3-9474-1A3956D46DE8}") = "test", "test", "{E15C2474-0EA9-4C6F-9A05-09F1B91C9882}"
EndProject
Project("{2150E333-8FDC-42A3-9474-1A3956D46DE8}") = "API", "API", "{1FB79D59-F2E6-46B7-963C-FBE59B9C0FC6}"
EndProject
Project("{2150E333-8FDC-42A3-9474-1A3956D46DE8}") = "Core", "Core", "{088C027B-F74A-455D-8F59-0B290B67F8B1}"
EndProject
Project("{2150E333-8FDC-42A3-9474-1A3956D46DE8}") = "Infrastructure", "Infrastructure", "{EE0F8271-5734-4EAC-9ADC-ABA62F1DEB5B}"
EndProject
Project("{2150E333-8FDC-42A3-9474-1A3956D46DE8}") = "UI", "UI", "{C7BA971E-CB3F-44BA-835B-FEF7EAFA588C}"
EndProject
Project("{FAE04EC0-301F-11D3-BF4B-00C04F79EFBC}") = "BetStackApp.Domain", "BetStackApp.Domain\BetStackApp.Domain.csproj", "{9732BDB8-74D0-4601-B9E9-E8B5ADAF52AF}"
EndProject
Project("{FAE04EC0-301F-11D3-BF4B-00C04F79EFBC}") = "BetStackApp.Application", "BetStackApp.Application\BetStackApp.Application.csproj", "{64F5667A-1DFD-4745-A832-B89B2B8FE469}"
EndProject
Global
	GlobalSection(SolutionConfigurationPlatforms) = preSolution
		Debug|Any CPU = Debug|Any CPU
		Release|Any CPU = Release|Any CPU
	EndGlobalSection
	GlobalSection(ProjectConfigurationPlatforms) = postSolution
		{9732BDB8-74D0-4601-B9E9-E8B5ADAF52AF}.Debug|Any CPU.ActiveCfg = Debug|Any CPU
		{9732BDB8-74D0-4601-B9E9-E8B5ADAF52AF}.Debug|Any CPU.Build.0 = Debug|Any CPU
		{9732BDB8-74D0-4601-B9E9-E8B5ADAF52AF}.Release|Any CPU.ActiveCfg = Release|Any CPU
		{9732BDB8-74D0-4601-B9E9-E8B5ADAF52AF}.Release|Any CPU.Build.0 = Release|Any CPU
		{64F5667A-1DFD-4745-A832-B89B2B8FE469}.Debug|Any CPU.ActiveCfg = Debug|Any CPU
		{64F5667A-1DFD-4745-A832-B89B2B8FE469}.Debug|Any CPU.Build.0 = Debug|Any CPU
		{64F5667A-1DFD-4745-A832-B89B2B8FE469}.Release|Any CPU.ActiveCfg = Release|Any CPU
		{64F5667A-1DFD-4745-A832-B89B2B8FE469}.Release|Any CPU.Build.0 = Release|Any CPU
	EndGlobalSection
	GlobalSection(SolutionProperties) = preSolution
		HideSolutionNode = FALSE
	EndGlobalSection
	GlobalSection(NestedProjects) = preSolution
		{1FB79D59-F2E6-46B7-963C-FBE59B9C0FC6} = {C5053EB2-856C-4A62-93EC-E059DBF062C4}
		{088C027B-F74A-455D-8F59-0B290B67F8B1} = {C5053EB2-856C-4A62-93EC-E059DBF062C4}
		{EE0F8271-5734-4EAC-9ADC-ABA62F1DEB5B} = {C5053EB2-856C-4A62-93EC-E059DBF062C4}
		{C7BA971E-CB3F-44BA-835B-FEF7EAFA588C} = {C5053EB2-856C-4A62-93EC-E059DBF062C4}
		{9732BDB8-74D0-4601-B9E9-E8B5ADAF52AF} = {088C027B-F74A-455D-8F59-0B290B67F8B1}
		{64F5667A-1DFD-4745-A832-B89B2B8FE469} = {088C027B-F74A-455D-8F59-0B290B67F8B1}
	EndGlobalSection
	GlobalSection(ExtensibilityGlobals) = postSolution
		SolutionGuid = {F88FA312-FCA5-470D-9F0A-428E0BF48489}
	EndGlobalSection
EndGlobal
